
Microsoft Visual Studio Solution File, Format Version 12.00
# Visual Studio 15
VisualStudioVersion = 15.0.27703.2018
MinimumVisualStudioVersion = 10.0.40219.1
Project("{FAE04EC0-301F-11D3-BF4B-00C04F79EFBC}") = "Expansion_CSharp", "Expansion_CSharp\Expansion_CSharp.csproj", "{394F6A9E-8CE5-43A4-9C41-7ADA6C1A7674}"
EndProject
Project("{8BC9CEB8-8B4A-11D0-8D11-00A0C91BC942}") = "RenderTest", "RenderTest\RenderTest.vcxproj", "{DB0AF9F2-82CB-4C00-9A2D-270748CF2617}"
EndProject
Global
	GlobalSection(SolutionConfigurationPlatforms) = preSolution
		Debug|Any CPU = Debug|Any CPU
		Debug|x64 = Debug|x64
		Debug|x86 = Debug|x86
		Release|Any CPU = Release|Any CPU
		Release|x64 = Release|x64
		Release|x86 = Release|x86
	EndGlobalSection
	GlobalSection(ProjectConfigurationPlatforms) = postSolution
		{394F6A9E-8CE5-43A4-9C41-7ADA6C1A7674}.Debug|Any CPU.ActiveCfg = Debug|Any CPU
		{394F6A9E-8CE5-43A4-9C41-7ADA6C1A7674}.Debug|Any CPU.Build.0 = Debug|Any CPU
		{394F6A9E-8CE5-43A4-9C41-7ADA6C1A7674}.Debug|x64.ActiveCfg = Debug|Any CPU
		{394F6A9E-8CE5-43A4-9C41-7ADA6C1A7674}.Debug|x64.Build.0 = Debug|Any CPU
		{394F6A9E-8CE5-43A4-9C41-7ADA6C1A7674}.Debug|x86.ActiveCfg = Debug|Any CPU
		{394F6A9E-8CE5-43A4-9C41-7ADA6C1A7674}.Debug|x86.Build.0 = Debug|Any CPU
		{394F6A9E-8CE5-43A4-9C41-7ADA6C1A7674}.Release|Any CPU.ActiveCfg = Release|Any CPU
		{394F6A9E-8CE5-43A4-9C41-7ADA6C1A7674}.Release|Any CPU.Build.0 = Release|Any CPU
		{394F6A9E-8CE5-43A4-9C41-7ADA6C1A7674}.Release|x64.ActiveCfg = Release|Any CPU
		{394F6A9E-8CE5-43A4-9C41-7ADA6C1A7674}.Release|x64.Build.0 = Release|Any CPU
		{394F6A9E-8CE5-43A4-9C41-7ADA6C1A7674}.Release|x86.ActiveCfg = Release|Any CPU
		{394F6A9E-8CE5-43A4-9C41-7ADA6C1A7674}.Release|x86.Build.0 = Release|Any CPU
		{DB0AF9F2-82CB-4C00-9A2D-270748CF2617}.Debug|Any CPU.ActiveCfg = Debug|Win32
		{DB0AF9F2-82CB-4C00-9A2D-270748CF2617}.Debug|Any CPU.Build.0 = Debug|Win32
		{DB0AF9F2-82CB-4C00-9A2D-270748CF2617}.Debug|x64.ActiveCfg = Debug|x64
		{DB0AF9F2-82CB-4C00-9A2D-270748CF2617}.Debug|x64.Build.0 = Debug|x64
		{DB0AF9F2-82CB-4C00-9A2D-270748CF2617}.Debug|x86.ActiveCfg = Debug|Win32
		{DB0AF9F2-82CB-4C00-9A2D-270748CF2617}.Debug|x86.Build.0 = Debug|Win32
		{DB0AF9F2-82CB-4C00-9A2D-270748CF2617}.Release|Any CPU.ActiveCfg = Release|Win32
		{DB0AF9F2-82CB-4C00-9A2D-270748CF2617}.Release|x64.ActiveCfg = Release|x64
		{DB0AF9F2-82CB-4C00-9A2D-270748CF2617}.Release|x64.Build.0 = Release|x64
		{DB0AF9F2-82CB-4C00-9A2D-270748CF2617}.Release|x86.ActiveCfg = Release|Win32
		{DB0AF9F2-82CB-4C00-9A2D-270748CF2617}.Release|x86.Build.0 = Release|Win32
	EndGlobalSection
	GlobalSection(SolutionProperties) = preSolution
		HideSolutionNode = FALSE
	EndGlobalSection
	GlobalSection(ExtensibilityGlobals) = postSolution
		SolutionGuid = {2790222E-5E87-4FF5-9C42-8D46056DFBAD}
	EndGlobalSection
EndGlobal
